
Microsoft Visual Studio Solution File, Format Version 12.00
# Visual Studio Version 16
VisualStudioVersion = 16.0.29609.76
MinimumVisualStudioVersion = 10.0.40219.1
Project("{FAE04EC0-301F-11D3-BF4B-00C04F79EFBC}") = "KtchnPal", "KtchnPal\KtchnPal.csproj", "{393E512C-F092-4959-BFA0-7E437F9DE707}"
EndProject
Global
	GlobalSection(SolutionConfigurationPlatforms) = preSolution
		Debug|Any CPU = Debug|Any CPU
		Release|Any CPU = Release|Any CPU
	EndGlobalSection
	GlobalSection(ProjectConfigurationPlatforms) = postSolution
		{393E512C-F092-4959-BFA0-7E437F9DE707}.Debug|Any CPU.ActiveCfg = Debug|Any CPU
		{393E512C-F092-4959-BFA0-7E437F9DE707}.Debug|Any CPU.Build.0 = Debug|Any CPU
		{393E512C-F092-4959-BFA0-7E437F9DE707}.Release|Any CPU.ActiveCfg = Release|Any CPU
		{393E512C-F092-4959-BFA0-7E437F9DE707}.Release|Any CPU.Build.0 = Release|Any CPU
	EndGlobalSection
	GlobalSection(SolutionProperties) = preSolution
		HideSolutionNode = FALSE
	EndGlobalSection
	GlobalSection(ExtensibilityGlobals) = postSolution
		SolutionGuid = {B2F0AAA3-1796-4152-BEA7-89FE520A1FFC}
	EndGlobalSection
EndGlobal
